
Microsoft Visual Studio Solution File, Format Version 12.00
Project("{FAE04EC0-301F-11D3-BF4B-00C04F79EFBC}") = "SafeVoice", "SafeVoice\SafeVoice.csproj", "{6956BA60-F78D-463F-8AD4-8C18344CEF8C}"
EndProject
Global
	GlobalSection(SolutionConfigurationPlatforms) = preSolution
		Debug|Any CPU = Debug|Any CPU
		Release|Any CPU = Release|Any CPU
	EndGlobalSection
	GlobalSection(ProjectConfigurationPlatforms) = postSolution
		{6956BA60-F78D-463F-8AD4-8C18344CEF8C}.Debug|Any CPU.ActiveCfg = Debug|Any CPU
		{6956BA60-F78D-463F-8AD4-8C18344CEF8C}.Debug|Any CPU.Build.0 = Debug|Any CPU
		{6956BA60-F78D-463F-8AD4-8C18344CEF8C}.Release|Any CPU.ActiveCfg = Release|Any CPU
		{6956BA60-F78D-463F-8AD4-8C18344CEF8C}.Release|Any CPU.Build.0 = Release|Any CPU
	EndGlobalSection
EndGlobal
